
Microsoft Visual Studio Solution File, Format Version 12.00
# Visual Studio Version 17
VisualStudioVersion = 17.7.34031.279
MinimumVisualStudioVersion = 10.0.40219.1
Project("{2150E333-8FDC-42A3-9474-1A3956D46DE8}") = "src", "src", "{285550B6-F3DC-4F78-BDDD-26BB7F0B9209}"
EndProject
Project("{2150E333-8FDC-42A3-9474-1A3956D46DE8}") = "test", "test", "{F351F2E6-8153-4C01-B671-227A515039AE}"
EndProject
Project("{2150E333-8FDC-42A3-9474-1A3956D46DE8}") = "API", "API", "{AC2CAC32-FBBD-42CF-9782-9AF5D2C5444C}"
EndProject
Project("{2150E333-8FDC-42A3-9474-1A3956D46DE8}") = "Core", "Core", "{2A44C777-C13F-45F1-825F-1CE80207BEA5}"
EndProject
Project("{2150E333-8FDC-42A3-9474-1A3956D46DE8}") = "Infrastructure", "Infrastructure", "{802238D9-D211-4343-B7B2-85BB8479557B}"
EndProject
Project("{2150E333-8FDC-42A3-9474-1A3956D46DE8}") = "UI", "UI", "{23404E20-4D55-4034-B428-1CB236C436DB}"
EndProject
Project("{FAE04EC0-301F-11D3-BF4B-00C04F79EFBC}") = "MpManagment.Domain", "src\Core\MpManagment.Domain\MpManagment.Domain.csproj", "{590A18EB-35C2-4399-A72E-1A84972B44A2}"
EndProject
Project("{FAE04EC0-301F-11D3-BF4B-00C04F79EFBC}") = "MpManagement.Application", "src\Core\MpManagement.Application\MpManagement.Application.csproj", "{936A2B5F-9AF1-446D-83BC-BAE29F7F217E}"
EndProject
Project("{FAE04EC0-301F-11D3-BF4B-00C04F79EFBC}") = "MpManagement.Persistence", "src\Infrastructure\MpManagement.Persistence\MpManagement.Persistence.csproj", "{F570A608-7CAF-4330-946C-A4622C24508D}"
EndProject
Project("{FAE04EC0-301F-11D3-BF4B-00C04F79EFBC}") = "MpManagement.Infrastructure", "src\Infrastructure\MpManagement.Infrastructure\MpManagement.Infrastructure.csproj", "{C979B7CD-24FE-424C-829C-A8EA9164679D}"
EndProject
Project("{FAE04EC0-301F-11D3-BF4B-00C04F79EFBC}") = "MpManagement.UnitTests", "test\MpManagement.UnitTests\MpManagement.UnitTests.csproj", "{5A7D1785-6B87-4E50-8DE9-C7B52D9E3A57}"
EndProject
Project("{FAE04EC0-301F-11D3-BF4B-00C04F79EFBC}") = "MpManagement.Api", "src\API\MpManagement.Api\MpManagement.Api.csproj", "{3BF057DE-B1FD-4849-8A14-4084AF588FEE}"
EndProject
Project("{FAE04EC0-301F-11D3-BF4B-00C04F79EFBC}") = "MpManagement.Web", "src\UI\MpManagement.Web\MpManagement.Web.csproj", "{01FB538E-66F3-410B-B533-9A08F678227A}"
EndProject
Global
	GlobalSection(SolutionConfigurationPlatforms) = preSolution
		Debug|Any CPU = Debug|Any CPU
		Release|Any CPU = Release|Any CPU
	EndGlobalSection
	GlobalSection(ProjectConfigurationPlatforms) = postSolution
		{590A18EB-35C2-4399-A72E-1A84972B44A2}.Debug|Any CPU.ActiveCfg = Debug|Any CPU
		{590A18EB-35C2-4399-A72E-1A84972B44A2}.Debug|Any CPU.Build.0 = Debug|Any CPU
		{590A18EB-35C2-4399-A72E-1A84972B44A2}.Release|Any CPU.ActiveCfg = Release|Any CPU
		{590A18EB-35C2-4399-A72E-1A84972B44A2}.Release|Any CPU.Build.0 = Release|Any CPU
		{936A2B5F-9AF1-446D-83BC-BAE29F7F217E}.Debug|Any CPU.ActiveCfg = Debug|Any CPU
		{936A2B5F-9AF1-446D-83BC-BAE29F7F217E}.Debug|Any CPU.Build.0 = Debug|Any CPU
		{936A2B5F-9AF1-446D-83BC-BAE29F7F217E}.Release|Any CPU.ActiveCfg = Release|Any CPU
		{936A2B5F-9AF1-446D-83BC-BAE29F7F217E}.Release|Any CPU.Build.0 = Release|Any CPU
		{F570A608-7CAF-4330-946C-A4622C24508D}.Debug|Any CPU.ActiveCfg = Debug|Any CPU
		{F570A608-7CAF-4330-946C-A4622C24508D}.Debug|Any CPU.Build.0 = Debug|Any CPU
		{F570A608-7CAF-4330-946C-A4622C24508D}.Release|Any CPU.ActiveCfg = Release|Any CPU
		{F570A608-7CAF-4330-946C-A4622C24508D}.Release|Any CPU.Build.0 = Release|Any CPU
		{C979B7CD-24FE-424C-829C-A8EA9164679D}.Debug|Any CPU.ActiveCfg = Debug|Any CPU
		{C979B7CD-24FE-424C-829C-A8EA9164679D}.Debug|Any CPU.Build.0 = Debug|Any CPU
		{C979B7CD-24FE-424C-829C-A8EA9164679D}.Release|Any CPU.ActiveCfg = Release|Any CPU
		{C979B7CD-24FE-424C-829C-A8EA9164679D}.Release|Any CPU.Build.0 = Release|Any CPU
		{5A7D1785-6B87-4E50-8DE9-C7B52D9E3A57}.Debug|Any CPU.ActiveCfg = Debug|Any CPU
		{5A7D1785-6B87-4E50-8DE9-C7B52D9E3A57}.Debug|Any CPU.Build.0 = Debug|Any CPU
		{5A7D1785-6B87-4E50-8DE9-C7B52D9E3A57}.Release|Any CPU.ActiveCfg = Release|Any CPU
		{5A7D1785-6B87-4E50-8DE9-C7B52D9E3A57}.Release|Any CPU.Build.0 = Release|Any CPU
		{3BF057DE-B1FD-4849-8A14-4084AF588FEE}.Debug|Any CPU.ActiveCfg = Debug|Any CPU
		{3BF057DE-B1FD-4849-8A14-4084AF588FEE}.Debug|Any CPU.Build.0 = Debug|Any CPU
		{3BF057DE-B1FD-4849-8A14-4084AF588FEE}.Release|Any CPU.ActiveCfg = Release|Any CPU
		{3BF057DE-B1FD-4849-8A14-4084AF588FEE}.Release|Any CPU.Build.0 = Release|Any CPU
		{01FB538E-66F3-410B-B533-9A08F678227A}.Debug|Any CPU.ActiveCfg = Debug|Any CPU
		{01FB538E-66F3-410B-B533-9A08F678227A}.Debug|Any CPU.Build.0 = Debug|Any CPU
		{01FB538E-66F3-410B-B533-9A08F678227A}.Release|Any CPU.ActiveCfg = Release|Any CPU
		{01FB538E-66F3-410B-B533-9A08F678227A}.Release|Any CPU.Build.0 = Release|Any CPU
	EndGlobalSection
	GlobalSection(SolutionProperties) = preSolution
		HideSolutionNode = FALSE
	EndGlobalSection
	GlobalSection(NestedProjects) = preSolution
		{AC2CAC32-FBBD-42CF-9782-9AF5D2C5444C} = {285550B6-F3DC-4F78-BDDD-26BB7F0B9209}
		{2A44C777-C13F-45F1-825F-1CE80207BEA5} = {285550B6-F3DC-4F78-BDDD-26BB7F0B9209}
		{802238D9-D211-4343-B7B2-85BB8479557B} = {285550B6-F3DC-4F78-BDDD-26BB7F0B9209}
		{23404E20-4D55-4034-B428-1CB236C436DB} = {285550B6-F3DC-4F78-BDDD-26BB7F0B9209}
		{590A18EB-35C2-4399-A72E-1A84972B44A2} = {2A44C777-C13F-45F1-825F-1CE80207BEA5}
		{936A2B5F-9AF1-446D-83BC-BAE29F7F217E} = {2A44C777-C13F-45F1-825F-1CE80207BEA5}
		{F570A608-7CAF-4330-946C-A4622C24508D} = {802238D9-D211-4343-B7B2-85BB8479557B}
		{C979B7CD-24FE-424C-829C-A8EA9164679D} = {802238D9-D211-4343-B7B2-85BB8479557B}
		{5A7D1785-6B87-4E50-8DE9-C7B52D9E3A57} = {F351F2E6-8153-4C01-B671-227A515039AE}
		{3BF057DE-B1FD-4849-8A14-4084AF588FEE} = {AC2CAC32-FBBD-42CF-9782-9AF5D2C5444C}
		{01FB538E-66F3-410B-B533-9A08F678227A} = {23404E20-4D55-4034-B428-1CB236C436DB}
	EndGlobalSection
	GlobalSection(ExtensibilityGlobals) = postSolution
		SolutionGuid = {6DB89778-C48C-4CD3-B7FD-6E0736B37ACB}
	EndGlobalSection
EndGlobal
