
Microsoft Visual Studio Solution File, Format Version 12.00
# Visual Studio Version 17
VisualStudioVersion = 17.7.34031.279
MinimumVisualStudioVersion = 10.0.40219.1
Project("{2150E333-8FDC-42A3-9474-1A3956D46DE8}") = "src", "src", "{285550B6-F3DC-4F78-BDDD-26BB7F0B9209}"
EndProject
Project("{2150E333-8FDC-42A3-9474-1A3956D46DE8}") = "test", "test", "{F351F2E6-8153-4C01-B671-227A515039AE}"
EndProject
Project("{2150E333-8FDC-42A3-9474-1A3956D46DE8}") = "API", "API", "{AC2CAC32-FBBD-42CF-9782-9AF5D2C5444C}"
EndProject
Project("{2150E333-8FDC-42A3-9474-1A3956D46DE8}") = "Core", "Core", "{2A44C777-C13F-45F1-825F-1CE80207BEA5}"
EndProject
Project("{2150E333-8FDC-42A3-9474-1A3956D46DE8}") = "Infrastructure", "Infrastructure", "{802238D9-D211-4343-B7B2-85BB8479557B}"
EndProject
Project("{2150E333-8FDC-42A3-9474-1A3956D46DE8}") = "UI", "UI", "{23404E20-4D55-4034-B428-1CB236C436DB}"
EndProject
Project("{9A19103F-16F7-4668-BE54-9A1E7A4F7556}") = "MP_Management.Domain", "MP_Management.Domain\MP_Management.Domain.csproj", "{D0787C44-6A25-4496-91EF-85947BF90D84}"
EndProject
Project("{9A19103F-16F7-4668-BE54-9A1E7A4F7556}") = "MP_Management.Application", "MP_Management.Application\MP_Management.Application.csproj", "{847C24E5-3A43-4C0E-A53D-6CA3F538CEF8}"
EndProject
Project("{FAE04EC0-301F-11D3-BF4B-00C04F79EFBC}") = "MP_Management.Infrastructure", "MP_Management.Infrastructure\MP_Management.Infrastructure.csproj", "{75F80EA2-09E9-4C5A-B795-E8708CE24D61}"
EndProject
Project("{FAE04EC0-301F-11D3-BF4B-00C04F79EFBC}") = "MP_Management.Persistence", "MP_Management.Persistence\MP_Management.Persistence.csproj", "{0E4775EA-A212-460E-9FC0-C3C75962AB08}"
EndProject
Global
	GlobalSection(SolutionConfigurationPlatforms) = preSolution
		Debug|Any CPU = Debug|Any CPU
		Release|Any CPU = Release|Any CPU
	EndGlobalSection
	GlobalSection(ProjectConfigurationPlatforms) = postSolution
		{D0787C44-6A25-4496-91EF-85947BF90D84}.Debug|Any CPU.ActiveCfg = Debug|Any CPU
		{D0787C44-6A25-4496-91EF-85947BF90D84}.Debug|Any CPU.Build.0 = Debug|Any CPU
		{D0787C44-6A25-4496-91EF-85947BF90D84}.Release|Any CPU.ActiveCfg = Release|Any CPU
		{D0787C44-6A25-4496-91EF-85947BF90D84}.Release|Any CPU.Build.0 = Release|Any CPU
		{847C24E5-3A43-4C0E-A53D-6CA3F538CEF8}.Debug|Any CPU.ActiveCfg = Debug|Any CPU
		{847C24E5-3A43-4C0E-A53D-6CA3F538CEF8}.Debug|Any CPU.Build.0 = Debug|Any CPU
		{847C24E5-3A43-4C0E-A53D-6CA3F538CEF8}.Release|Any CPU.ActiveCfg = Release|Any CPU
		{847C24E5-3A43-4C0E-A53D-6CA3F538CEF8}.Release|Any CPU.Build.0 = Release|Any CPU
		{75F80EA2-09E9-4C5A-B795-E8708CE24D61}.Debug|Any CPU.ActiveCfg = Debug|Any CPU
		{75F80EA2-09E9-4C5A-B795-E8708CE24D61}.Debug|Any CPU.Build.0 = Debug|Any CPU
		{75F80EA2-09E9-4C5A-B795-E8708CE24D61}.Release|Any CPU.ActiveCfg = Release|Any CPU
		{75F80EA2-09E9-4C5A-B795-E8708CE24D61}.Release|Any CPU.Build.0 = Release|Any CPU
		{0E4775EA-A212-460E-9FC0-C3C75962AB08}.Debug|Any CPU.ActiveCfg = Debug|Any CPU
		{0E4775EA-A212-460E-9FC0-C3C75962AB08}.Debug|Any CPU.Build.0 = Debug|Any CPU
		{0E4775EA-A212-460E-9FC0-C3C75962AB08}.Release|Any CPU.ActiveCfg = Release|Any CPU
		{0E4775EA-A212-460E-9FC0-C3C75962AB08}.Release|Any CPU.Build.0 = Release|Any CPU
	EndGlobalSection
	GlobalSection(SolutionProperties) = preSolution
		HideSolutionNode = FALSE
	EndGlobalSection
	GlobalSection(NestedProjects) = preSolution
		{AC2CAC32-FBBD-42CF-9782-9AF5D2C5444C} = {285550B6-F3DC-4F78-BDDD-26BB7F0B9209}
		{2A44C777-C13F-45F1-825F-1CE80207BEA5} = {285550B6-F3DC-4F78-BDDD-26BB7F0B9209}
		{802238D9-D211-4343-B7B2-85BB8479557B} = {285550B6-F3DC-4F78-BDDD-26BB7F0B9209}
		{23404E20-4D55-4034-B428-1CB236C436DB} = {285550B6-F3DC-4F78-BDDD-26BB7F0B9209}
		{D0787C44-6A25-4496-91EF-85947BF90D84} = {2A44C777-C13F-45F1-825F-1CE80207BEA5}
		{847C24E5-3A43-4C0E-A53D-6CA3F538CEF8} = {2A44C777-C13F-45F1-825F-1CE80207BEA5}
		{75F80EA2-09E9-4C5A-B795-E8708CE24D61} = {802238D9-D211-4343-B7B2-85BB8479557B}
		{0E4775EA-A212-460E-9FC0-C3C75962AB08} = {802238D9-D211-4343-B7B2-85BB8479557B}
	EndGlobalSection
	GlobalSection(ExtensibilityGlobals) = postSolution
		SolutionGuid = {6DB89778-C48C-4CD3-B7FD-6E0736B37ACB}
	EndGlobalSection
EndGlobal
